
Microsoft Visual Studio Solution File, Format Version 12.00
# Visual Studio 15
VisualStudioVersion = 15.0.26730.12
MinimumVisualStudioVersion = 10.0.40219.1
Project("{FAE04EC0-301F-11D3-BF4B-00C04F79EFBC}") = "ConsoleApp higher lo", "ConsoleApp higher lo\ConsoleApp higher lo.csproj", "{7208ACBA-FAB5-40FB-BB20-C36A98AF8F3B}"
EndProject
Global
	GlobalSection(SolutionConfigurationPlatforms) = preSolution
		Debug|Any CPU = Debug|Any CPU
		Release|Any CPU = Release|Any CPU
	EndGlobalSection
	GlobalSection(ProjectConfigurationPlatforms) = postSolution
		{7208ACBA-FAB5-40FB-BB20-C36A98AF8F3B}.Debug|Any CPU.ActiveCfg = Debug|Any CPU
		{7208ACBA-FAB5-40FB-BB20-C36A98AF8F3B}.Debug|Any CPU.Build.0 = Debug|Any CPU
		{7208ACBA-FAB5-40FB-BB20-C36A98AF8F3B}.Release|Any CPU.ActiveCfg = Release|Any CPU
		{7208ACBA-FAB5-40FB-BB20-C36A98AF8F3B}.Release|Any CPU.Build.0 = Release|Any CPU
	EndGlobalSection
	GlobalSection(SolutionProperties) = preSolution
		HideSolutionNode = FALSE
	EndGlobalSection
	GlobalSection(ExtensibilityGlobals) = postSolution
		SolutionGuid = {BCE989B8-0A2A-4CFA-A4FC-EC8BD6FB7BC7}
	EndGlobalSection
EndGlobal
